
Microsoft Visual Studio Solution File, Format Version 12.00
# Visual Studio 14
VisualStudioVersion = 14.0.25420.1
MinimumVisualStudioVersion = 10.0.40219.1
Project("{FAE04EC0-301F-11D3-BF4B-00C04F79EFBC}") = "TheseusGameConsole", "TeseusGame\TheseusGameConsole.csproj", "{C09D56FC-8391-4E2E-A6F8-B90A89FAE047}"
EndProject
Project("{FAE04EC0-301F-11D3-BF4B-00C04F79EFBC}") = "TheseusMainGame", "TeseusMainGame\TheseusMainGame.csproj", "{D123D7DB-AB37-4253-BE9E-8DCBEDB27C5C}"
EndProject
Project("{FAE04EC0-301F-11D3-BF4B-00C04F79EFBC}") = "GameLogic", "GameLogic\GameLogic.csproj", "{EF52CF11-102E-4E25-A94D-8DD417F90A43}"
EndProject
Global
	GlobalSection(SolutionConfigurationPlatforms) = preSolution
		Debug|Any CPU = Debug|Any CPU
		Release|Any CPU = Release|Any CPU
	EndGlobalSection
	GlobalSection(ProjectConfigurationPlatforms) = postSolution
		{C09D56FC-8391-4E2E-A6F8-B90A89FAE047}.Debug|Any CPU.ActiveCfg = Debug|Any CPU
		{C09D56FC-8391-4E2E-A6F8-B90A89FAE047}.Debug|Any CPU.Build.0 = Debug|Any CPU
		{C09D56FC-8391-4E2E-A6F8-B90A89FAE047}.Release|Any CPU.ActiveCfg = Release|Any CPU
		{C09D56FC-8391-4E2E-A6F8-B90A89FAE047}.Release|Any CPU.Build.0 = Release|Any CPU
		{D123D7DB-AB37-4253-BE9E-8DCBEDB27C5C}.Debug|Any CPU.ActiveCfg = Debug|Any CPU
		{D123D7DB-AB37-4253-BE9E-8DCBEDB27C5C}.Debug|Any CPU.Build.0 = Debug|Any CPU
		{D123D7DB-AB37-4253-BE9E-8DCBEDB27C5C}.Release|Any CPU.ActiveCfg = Release|Any CPU
		{D123D7DB-AB37-4253-BE9E-8DCBEDB27C5C}.Release|Any CPU.Build.0 = Release|Any CPU
		{EF52CF11-102E-4E25-A94D-8DD417F90A43}.Debug|Any CPU.ActiveCfg = Debug|Any CPU
		{EF52CF11-102E-4E25-A94D-8DD417F90A43}.Debug|Any CPU.Build.0 = Debug|Any CPU
		{EF52CF11-102E-4E25-A94D-8DD417F90A43}.Release|Any CPU.ActiveCfg = Release|Any CPU
		{EF52CF11-102E-4E25-A94D-8DD417F90A43}.Release|Any CPU.Build.0 = Release|Any CPU
	EndGlobalSection
	GlobalSection(SolutionProperties) = preSolution
		HideSolutionNode = FALSE
	EndGlobalSection
EndGlobal
